
Microsoft Visual Studio Solution File, Format Version 12.00
# Visual Studio Version 16
VisualStudioVersion = 16.0.29709.97
MinimumVisualStudioVersion = 10.0.40219.1
Project("{FAE04EC0-301F-11D3-BF4B-00C04F79EFBC}") = "BeatSaviorData", "BeatSaviorData\BeatSaviorData.csproj", "{9CBB743C-7953-4A66-B7C6-424A70D259EA}"
EndProject
Global
	GlobalSection(SolutionConfigurationPlatforms) = preSolution
		Debug|Any CPU = Debug|Any CPU
		Release|Any CPU = Release|Any CPU
	EndGlobalSection
	GlobalSection(ProjectConfigurationPlatforms) = postSolution
		{9CBB743C-7953-4A66-B7C6-424A70D259EA}.Debug|Any CPU.ActiveCfg = Debug|Any CPU
		{9CBB743C-7953-4A66-B7C6-424A70D259EA}.Debug|Any CPU.Build.0 = Debug|Any CPU
		{9CBB743C-7953-4A66-B7C6-424A70D259EA}.Release|Any CPU.ActiveCfg = Release|Any CPU
		{9CBB743C-7953-4A66-B7C6-424A70D259EA}.Release|Any CPU.Build.0 = Release|Any CPU
	EndGlobalSection
	GlobalSection(SolutionProperties) = preSolution
		HideSolutionNode = FALSE
	EndGlobalSection
	GlobalSection(ExtensibilityGlobals) = postSolution
		SolutionGuid = {D9F32F77-AF50-4903-A25C-5D0A0C38F342}
	EndGlobalSection
EndGlobal
